
Microsoft Visual Studio Solution File, Format Version 12.00
Project("{2150E333-8FDC-42A3-9474-1A3956D46DE8}") = "SampleService", "SampleService", "{CC322D0A-0C41-4700-A5D4-B4657CBC1236}"
EndProject
Project("{FAE04EC0-301F-11D3-BF4B-00C04F79EFBC}") = "Domain", "SampleService\src\Domain\Domain.csproj", "{88DFBA8F-1B12-4FBF-A25C-EC6DA5149969}"
EndProject
Project("{FAE04EC0-301F-11D3-BF4B-00C04F79EFBC}") = "Web", "SampleService\src\Web\Web.csproj", "{FE5148D6-F356-44CE-AB3B-7758AE800027}"
EndProject
Project("{FAE04EC0-301F-11D3-BF4B-00C04F79EFBC}") = "Application", "SampleService\src\Application\Application.csproj", "{BC7A2868-A579-4DE0-919B-547580B66C51}"
EndProject
Project("{FAE04EC0-301F-11D3-BF4B-00C04F79EFBC}") = "Infrastructure", "SampleService\src\Infrastructure\Infrastructure.csproj", "{95A98DE8-F8DA-4F70-9CF9-BC4A87193196}"
EndProject
Project("{2150E333-8FDC-42A3-9474-1A3956D46DE8}") = "YarpApiGateway", "YarpApiGateway", "{C303BA19-B7F9-4A65-ADA4-F51399E1DF96}"
EndProject
Project("{2150E333-8FDC-42A3-9474-1A3956D46DE8}") = "BuildingBlocks", "BuildingBlocks", "{403DD58E-9B74-495C-9D70-417AF0832AF7}"
EndProject
Project("{FAE04EC0-301F-11D3-BF4B-00C04F79EFBC}") = "BuildingBlocks", "BuildingBlocks\BuildingBlocks.csproj", "{C73A1A92-8125-445D-B5EB-7B73137F9158}"
EndProject
Project("{FAE04EC0-301F-11D3-BF4B-00C04F79EFBC}") = "YarpApiGateway", "YarpApiGateway\YarpApiGateway.csproj", "{EB319DD1-2A64-44C9-800C-D6C1F4523C13}"
EndProject
Project("{2150E333-8FDC-42A3-9474-1A3956D46DE8}") = "UserService", "UserService", "{8352EB00-B4D4-4F7E-B900-2CC94A5F63D8}"
EndProject
Project("{FAE04EC0-301F-11D3-BF4B-00C04F79EFBC}") = "Domain", "UserService\src\Domain\Domain.csproj", "{51520CEF-545F-4EB5-9FF7-FF11F14EA4AE}"
EndProject
Project("{FAE04EC0-301F-11D3-BF4B-00C04F79EFBC}") = "Web", "UserService\src\Web\Web.csproj", "{D58D4FF9-5962-465D-8239-D6F47F148C21}"
EndProject
Project("{FAE04EC0-301F-11D3-BF4B-00C04F79EFBC}") = "Application", "UserService\src\Application\Application.csproj", "{738DDAA5-C888-482A-AEF7-DC6A0CD6323F}"
EndProject
Project("{FAE04EC0-301F-11D3-BF4B-00C04F79EFBC}") = "Infrastructure", "UserService\src\Infrastructure\Infrastructure.csproj", "{0F0916F3-6676-450F-9B26-0698C6A890BD}"
EndProject
Project("{FAE04EC0-301F-11D3-BF4B-00C04F79EFBC}") = "Domain", "CatalogService\src\Domain\Domain.csproj", "{B25EDCFF-98A3-48EE-98DF-5E89D0FFF2B0}"
EndProject
Project("{FAE04EC0-301F-11D3-BF4B-00C04F79EFBC}") = "Application", "CatalogService\src\Application\Application.csproj", "{E52EFE50-6401-4E1D-AA4E-2638A817C357}"
EndProject
Project("{FAE04EC0-301F-11D3-BF4B-00C04F79EFBC}") = "Infrastructure", "CatalogService\src\Infrastructure\Infrastructure.csproj", "{A26B29A3-9BBC-46A2-91AD-FB1C817FB6C9}"
EndProject
Project("{FAE04EC0-301F-11D3-BF4B-00C04F79EFBC}") = "Web", "CatalogService\src\Web\Web.csproj", "{1AA7FBE7-3BDC-4DCC-9244-2BC4750E085B}"
EndProject
Project("{2150E333-8FDC-42A3-9474-1A3956D46DE8}") = "CatalogService", "CatalogService", "{AFB7E379-33CB-49DC-9C7E-BA14BBAB3DD3}"
EndProject
Project("{2150E333-8FDC-42A3-9474-1A3956D46DE8}") = "OrderService", "OrderService", "{BEEBA6A1-DAEF-44E9-8FC3-0FDE49D6B974}"
EndProject
Project("{2150E333-8FDC-42A3-9474-1A3956D46DE8}") = "NotificationService", "NotificationService", "{A79C7725-8D15-43E2-A29C-C172549DE32D}"
EndProject
Project("{FAE04EC0-301F-11D3-BF4B-00C04F79EFBC}") = "Domain", "OrderService\src\Domain\Domain.csproj", "{CC474825-8B00-4687-B46F-67781FE2FCF6}"
EndProject
Project("{FAE04EC0-301F-11D3-BF4B-00C04F79EFBC}") = "Application", "OrderService\src\Application\Application.csproj", "{54E5F1CF-2917-4BDA-BEF6-2383649650FD}"
EndProject
Project("{FAE04EC0-301F-11D3-BF4B-00C04F79EFBC}") = "Infrastructure", "OrderService\src\Infrastructure\Infrastructure.csproj", "{DE241F9B-EDAB-416B-A4BD-CF6756FBFB8D}"
EndProject
Project("{FAE04EC0-301F-11D3-BF4B-00C04F79EFBC}") = "Web", "OrderService\src\Web\Web.csproj", "{A8A80A7A-2020-43FA-969C-DD76AC1C0A0A}"
EndProject
Project("{FAE04EC0-301F-11D3-BF4B-00C04F79EFBC}") = "Domain", "NotificationService\src\Domain\Domain.csproj", "{C87EBC79-5A97-463E-A09D-7C361BD4A900}"
EndProject
Project("{FAE04EC0-301F-11D3-BF4B-00C04F79EFBC}") = "Application", "NotificationService\src\Application\Application.csproj", "{D3144F0C-B284-48CE-AC17-44D11A57D822}"
EndProject
Project("{FAE04EC0-301F-11D3-BF4B-00C04F79EFBC}") = "Infrastructure", "NotificationService\src\Infrastructure\Infrastructure.csproj", "{E513E695-9838-4997-98A0-898F51C051EB}"
EndProject
Project("{FAE04EC0-301F-11D3-BF4B-00C04F79EFBC}") = "Web", "NotificationService\src\Web\Web.csproj", "{7501D6B3-F851-4A96-9F68-F895EFB8A774}"
EndProject
Global
	GlobalSection(SolutionConfigurationPlatforms) = preSolution
		Debug|Any CPU = Debug|Any CPU
		Release|Any CPU = Release|Any CPU
	EndGlobalSection
	GlobalSection(NestedProjects) = preSolution
		{BC7A2868-A579-4DE0-919B-547580B66C51} = {CC322D0A-0C41-4700-A5D4-B4657CBC1236}
		{88DFBA8F-1B12-4FBF-A25C-EC6DA5149969} = {CC322D0A-0C41-4700-A5D4-B4657CBC1236}
		{95A98DE8-F8DA-4F70-9CF9-BC4A87193196} = {CC322D0A-0C41-4700-A5D4-B4657CBC1236}
		{FE5148D6-F356-44CE-AB3B-7758AE800027} = {CC322D0A-0C41-4700-A5D4-B4657CBC1236}
		{C73A1A92-8125-445D-B5EB-7B73137F9158} = {403DD58E-9B74-495C-9D70-417AF0832AF7}
		{EB319DD1-2A64-44C9-800C-D6C1F4523C13} = {C303BA19-B7F9-4A65-ADA4-F51399E1DF96}
		{51520CEF-545F-4EB5-9FF7-FF11F14EA4AE} = {8352EB00-B4D4-4F7E-B900-2CC94A5F63D8}
		{738DDAA5-C888-482A-AEF7-DC6A0CD6323F} = {8352EB00-B4D4-4F7E-B900-2CC94A5F63D8}
		{0F0916F3-6676-450F-9B26-0698C6A890BD} = {8352EB00-B4D4-4F7E-B900-2CC94A5F63D8}
		{D58D4FF9-5962-465D-8239-D6F47F148C21} = {8352EB00-B4D4-4F7E-B900-2CC94A5F63D8}
		{A26B29A3-9BBC-46A2-91AD-FB1C817FB6C9} = {AFB7E379-33CB-49DC-9C7E-BA14BBAB3DD3}
		{B25EDCFF-98A3-48EE-98DF-5E89D0FFF2B0} = {AFB7E379-33CB-49DC-9C7E-BA14BBAB3DD3}
		{E52EFE50-6401-4E1D-AA4E-2638A817C357} = {AFB7E379-33CB-49DC-9C7E-BA14BBAB3DD3}
		{1AA7FBE7-3BDC-4DCC-9244-2BC4750E085B} = {AFB7E379-33CB-49DC-9C7E-BA14BBAB3DD3}
		{54E5F1CF-2917-4BDA-BEF6-2383649650FD} = {BEEBA6A1-DAEF-44E9-8FC3-0FDE49D6B974}
		{CC474825-8B00-4687-B46F-67781FE2FCF6} = {BEEBA6A1-DAEF-44E9-8FC3-0FDE49D6B974}
		{DE241F9B-EDAB-416B-A4BD-CF6756FBFB8D} = {BEEBA6A1-DAEF-44E9-8FC3-0FDE49D6B974}
		{A8A80A7A-2020-43FA-969C-DD76AC1C0A0A} = {BEEBA6A1-DAEF-44E9-8FC3-0FDE49D6B974}
		{C87EBC79-5A97-463E-A09D-7C361BD4A900} = {A79C7725-8D15-43E2-A29C-C172549DE32D}
		{E513E695-9838-4997-98A0-898F51C051EB} = {A79C7725-8D15-43E2-A29C-C172549DE32D}
		{7501D6B3-F851-4A96-9F68-F895EFB8A774} = {A79C7725-8D15-43E2-A29C-C172549DE32D}
		{D3144F0C-B284-48CE-AC17-44D11A57D822} = {A79C7725-8D15-43E2-A29C-C172549DE32D}
	EndGlobalSection
	GlobalSection(ProjectConfigurationPlatforms) = postSolution
		{88DFBA8F-1B12-4FBF-A25C-EC6DA5149969}.Debug|Any CPU.ActiveCfg = Debug|Any CPU
		{88DFBA8F-1B12-4FBF-A25C-EC6DA5149969}.Debug|Any CPU.Build.0 = Debug|Any CPU
		{88DFBA8F-1B12-4FBF-A25C-EC6DA5149969}.Release|Any CPU.ActiveCfg = Release|Any CPU
		{88DFBA8F-1B12-4FBF-A25C-EC6DA5149969}.Release|Any CPU.Build.0 = Release|Any CPU
		{FE5148D6-F356-44CE-AB3B-7758AE800027}.Debug|Any CPU.ActiveCfg = Debug|Any CPU
		{FE5148D6-F356-44CE-AB3B-7758AE800027}.Debug|Any CPU.Build.0 = Debug|Any CPU
		{FE5148D6-F356-44CE-AB3B-7758AE800027}.Release|Any CPU.ActiveCfg = Release|Any CPU
		{FE5148D6-F356-44CE-AB3B-7758AE800027}.Release|Any CPU.Build.0 = Release|Any CPU
		{BC7A2868-A579-4DE0-919B-547580B66C51}.Debug|Any CPU.ActiveCfg = Debug|Any CPU
		{BC7A2868-A579-4DE0-919B-547580B66C51}.Debug|Any CPU.Build.0 = Debug|Any CPU
		{BC7A2868-A579-4DE0-919B-547580B66C51}.Release|Any CPU.ActiveCfg = Release|Any CPU
		{BC7A2868-A579-4DE0-919B-547580B66C51}.Release|Any CPU.Build.0 = Release|Any CPU
		{95A98DE8-F8DA-4F70-9CF9-BC4A87193196}.Debug|Any CPU.ActiveCfg = Debug|Any CPU
		{95A98DE8-F8DA-4F70-9CF9-BC4A87193196}.Debug|Any CPU.Build.0 = Debug|Any CPU
		{95A98DE8-F8DA-4F70-9CF9-BC4A87193196}.Release|Any CPU.ActiveCfg = Release|Any CPU
		{95A98DE8-F8DA-4F70-9CF9-BC4A87193196}.Release|Any CPU.Build.0 = Release|Any CPU
		{C73A1A92-8125-445D-B5EB-7B73137F9158}.Debug|Any CPU.ActiveCfg = Debug|Any CPU
		{C73A1A92-8125-445D-B5EB-7B73137F9158}.Debug|Any CPU.Build.0 = Debug|Any CPU
		{C73A1A92-8125-445D-B5EB-7B73137F9158}.Release|Any CPU.ActiveCfg = Release|Any CPU
		{C73A1A92-8125-445D-B5EB-7B73137F9158}.Release|Any CPU.Build.0 = Release|Any CPU
		{EB319DD1-2A64-44C9-800C-D6C1F4523C13}.Debug|Any CPU.ActiveCfg = Debug|Any CPU
		{EB319DD1-2A64-44C9-800C-D6C1F4523C13}.Debug|Any CPU.Build.0 = Debug|Any CPU
		{EB319DD1-2A64-44C9-800C-D6C1F4523C13}.Release|Any CPU.ActiveCfg = Release|Any CPU
		{EB319DD1-2A64-44C9-800C-D6C1F4523C13}.Release|Any CPU.Build.0 = Release|Any CPU
		{51520CEF-545F-4EB5-9FF7-FF11F14EA4AE}.Debug|Any CPU.ActiveCfg = Debug|Any CPU
		{51520CEF-545F-4EB5-9FF7-FF11F14EA4AE}.Debug|Any CPU.Build.0 = Debug|Any CPU
		{51520CEF-545F-4EB5-9FF7-FF11F14EA4AE}.Release|Any CPU.ActiveCfg = Release|Any CPU
		{51520CEF-545F-4EB5-9FF7-FF11F14EA4AE}.Release|Any CPU.Build.0 = Release|Any CPU
		{D58D4FF9-5962-465D-8239-D6F47F148C21}.Debug|Any CPU.ActiveCfg = Debug|Any CPU
		{D58D4FF9-5962-465D-8239-D6F47F148C21}.Debug|Any CPU.Build.0 = Debug|Any CPU
		{D58D4FF9-5962-465D-8239-D6F47F148C21}.Release|Any CPU.ActiveCfg = Release|Any CPU
		{D58D4FF9-5962-465D-8239-D6F47F148C21}.Release|Any CPU.Build.0 = Release|Any CPU
		{738DDAA5-C888-482A-AEF7-DC6A0CD6323F}.Debug|Any CPU.ActiveCfg = Debug|Any CPU
		{738DDAA5-C888-482A-AEF7-DC6A0CD6323F}.Debug|Any CPU.Build.0 = Debug|Any CPU
		{738DDAA5-C888-482A-AEF7-DC6A0CD6323F}.Release|Any CPU.ActiveCfg = Release|Any CPU
		{738DDAA5-C888-482A-AEF7-DC6A0CD6323F}.Release|Any CPU.Build.0 = Release|Any CPU
		{0F0916F3-6676-450F-9B26-0698C6A890BD}.Debug|Any CPU.ActiveCfg = Debug|Any CPU
		{0F0916F3-6676-450F-9B26-0698C6A890BD}.Debug|Any CPU.Build.0 = Debug|Any CPU
		{0F0916F3-6676-450F-9B26-0698C6A890BD}.Release|Any CPU.ActiveCfg = Release|Any CPU
		{0F0916F3-6676-450F-9B26-0698C6A890BD}.Release|Any CPU.Build.0 = Release|Any CPU
		{B25EDCFF-98A3-48EE-98DF-5E89D0FFF2B0}.Debug|Any CPU.ActiveCfg = Debug|Any CPU
		{B25EDCFF-98A3-48EE-98DF-5E89D0FFF2B0}.Debug|Any CPU.Build.0 = Debug|Any CPU
		{B25EDCFF-98A3-48EE-98DF-5E89D0FFF2B0}.Release|Any CPU.ActiveCfg = Release|Any CPU
		{B25EDCFF-98A3-48EE-98DF-5E89D0FFF2B0}.Release|Any CPU.Build.0 = Release|Any CPU
		{E52EFE50-6401-4E1D-AA4E-2638A817C357}.Debug|Any CPU.ActiveCfg = Debug|Any CPU
		{E52EFE50-6401-4E1D-AA4E-2638A817C357}.Debug|Any CPU.Build.0 = Debug|Any CPU
		{E52EFE50-6401-4E1D-AA4E-2638A817C357}.Release|Any CPU.ActiveCfg = Release|Any CPU
		{E52EFE50-6401-4E1D-AA4E-2638A817C357}.Release|Any CPU.Build.0 = Release|Any CPU
		{A26B29A3-9BBC-46A2-91AD-FB1C817FB6C9}.Debug|Any CPU.ActiveCfg = Debug|Any CPU
		{A26B29A3-9BBC-46A2-91AD-FB1C817FB6C9}.Debug|Any CPU.Build.0 = Debug|Any CPU
		{A26B29A3-9BBC-46A2-91AD-FB1C817FB6C9}.Release|Any CPU.ActiveCfg = Release|Any CPU
		{A26B29A3-9BBC-46A2-91AD-FB1C817FB6C9}.Release|Any CPU.Build.0 = Release|Any CPU
		{1AA7FBE7-3BDC-4DCC-9244-2BC4750E085B}.Debug|Any CPU.ActiveCfg = Debug|Any CPU
		{1AA7FBE7-3BDC-4DCC-9244-2BC4750E085B}.Debug|Any CPU.Build.0 = Debug|Any CPU
		{1AA7FBE7-3BDC-4DCC-9244-2BC4750E085B}.Release|Any CPU.ActiveCfg = Release|Any CPU
		{1AA7FBE7-3BDC-4DCC-9244-2BC4750E085B}.Release|Any CPU.Build.0 = Release|Any CPU
		{CC474825-8B00-4687-B46F-67781FE2FCF6}.Debug|Any CPU.ActiveCfg = Debug|Any CPU
		{CC474825-8B00-4687-B46F-67781FE2FCF6}.Debug|Any CPU.Build.0 = Debug|Any CPU
		{CC474825-8B00-4687-B46F-67781FE2FCF6}.Release|Any CPU.ActiveCfg = Release|Any CPU
		{CC474825-8B00-4687-B46F-67781FE2FCF6}.Release|Any CPU.Build.0 = Release|Any CPU
		{54E5F1CF-2917-4BDA-BEF6-2383649650FD}.Debug|Any CPU.ActiveCfg = Debug|Any CPU
		{54E5F1CF-2917-4BDA-BEF6-2383649650FD}.Debug|Any CPU.Build.0 = Debug|Any CPU
		{54E5F1CF-2917-4BDA-BEF6-2383649650FD}.Release|Any CPU.ActiveCfg = Release|Any CPU
		{54E5F1CF-2917-4BDA-BEF6-2383649650FD}.Release|Any CPU.Build.0 = Release|Any CPU
		{DE241F9B-EDAB-416B-A4BD-CF6756FBFB8D}.Debug|Any CPU.ActiveCfg = Debug|Any CPU
		{DE241F9B-EDAB-416B-A4BD-CF6756FBFB8D}.Debug|Any CPU.Build.0 = Debug|Any CPU
		{DE241F9B-EDAB-416B-A4BD-CF6756FBFB8D}.Release|Any CPU.ActiveCfg = Release|Any CPU
		{DE241F9B-EDAB-416B-A4BD-CF6756FBFB8D}.Release|Any CPU.Build.0 = Release|Any CPU
		{A8A80A7A-2020-43FA-969C-DD76AC1C0A0A}.Debug|Any CPU.ActiveCfg = Debug|Any CPU
		{A8A80A7A-2020-43FA-969C-DD76AC1C0A0A}.Debug|Any CPU.Build.0 = Debug|Any CPU
		{A8A80A7A-2020-43FA-969C-DD76AC1C0A0A}.Release|Any CPU.ActiveCfg = Release|Any CPU
		{A8A80A7A-2020-43FA-969C-DD76AC1C0A0A}.Release|Any CPU.Build.0 = Release|Any CPU
		{C87EBC79-5A97-463E-A09D-7C361BD4A900}.Debug|Any CPU.ActiveCfg = Debug|Any CPU
		{C87EBC79-5A97-463E-A09D-7C361BD4A900}.Debug|Any CPU.Build.0 = Debug|Any CPU
		{C87EBC79-5A97-463E-A09D-7C361BD4A900}.Release|Any CPU.ActiveCfg = Release|Any CPU
		{C87EBC79-5A97-463E-A09D-7C361BD4A900}.Release|Any CPU.Build.0 = Release|Any CPU
		{D3144F0C-B284-48CE-AC17-44D11A57D822}.Debug|Any CPU.ActiveCfg = Debug|Any CPU
		{D3144F0C-B284-48CE-AC17-44D11A57D822}.Debug|Any CPU.Build.0 = Debug|Any CPU
		{D3144F0C-B284-48CE-AC17-44D11A57D822}.Release|Any CPU.ActiveCfg = Release|Any CPU
		{D3144F0C-B284-48CE-AC17-44D11A57D822}.Release|Any CPU.Build.0 = Release|Any CPU
		{E513E695-9838-4997-98A0-898F51C051EB}.Debug|Any CPU.ActiveCfg = Debug|Any CPU
		{E513E695-9838-4997-98A0-898F51C051EB}.Debug|Any CPU.Build.0 = Debug|Any CPU
		{E513E695-9838-4997-98A0-898F51C051EB}.Release|Any CPU.ActiveCfg = Release|Any CPU
		{E513E695-9838-4997-98A0-898F51C051EB}.Release|Any CPU.Build.0 = Release|Any CPU
		{7501D6B3-F851-4A96-9F68-F895EFB8A774}.Debug|Any CPU.ActiveCfg = Debug|Any CPU
		{7501D6B3-F851-4A96-9F68-F895EFB8A774}.Debug|Any CPU.Build.0 = Debug|Any CPU
		{7501D6B3-F851-4A96-9F68-F895EFB8A774}.Release|Any CPU.ActiveCfg = Release|Any CPU
		{7501D6B3-F851-4A96-9F68-F895EFB8A774}.Release|Any CPU.Build.0 = Release|Any CPU
	EndGlobalSection
EndGlobal
