
Microsoft Visual Studio Solution File, Format Version 12.00
Project("{2150E333-8FDC-42A3-9474-1A3956D46DE8}") = "SampleService", "SampleService", "{CC322D0A-0C41-4700-A5D4-B4657CBC1236}"
EndProject
Project("{FAE04EC0-301F-11D3-BF4B-00C04F79EFBC}") = "Domain", "SampleService\src\Domain\Domain.csproj", "{88DFBA8F-1B12-4FBF-A25C-EC6DA5149969}"
EndProject
Project("{FAE04EC0-301F-11D3-BF4B-00C04F79EFBC}") = "Web", "SampleService\src\Web\Web.csproj", "{FE5148D6-F356-44CE-AB3B-7758AE800027}"
EndProject
Project("{FAE04EC0-301F-11D3-BF4B-00C04F79EFBC}") = "Application", "SampleService\src\Application\Application.csproj", "{BC7A2868-A579-4DE0-919B-547580B66C51}"
EndProject
Project("{FAE04EC0-301F-11D3-BF4B-00C04F79EFBC}") = "Infrastructure", "SampleService\src\Infrastructure\Infrastructure.csproj", "{95A98DE8-F8DA-4F70-9CF9-BC4A87193196}"
EndProject
Project("{2150E333-8FDC-42A3-9474-1A3956D46DE8}") = "YarpApiGateway", "YarpApiGateway", "{C303BA19-B7F9-4A65-ADA4-F51399E1DF96}"
EndProject
Project("{2150E333-8FDC-42A3-9474-1A3956D46DE8}") = "BuildingBlocks", "BuildingBlocks", "{403DD58E-9B74-495C-9D70-417AF0832AF7}"
EndProject
Project("{FAE04EC0-301F-11D3-BF4B-00C04F79EFBC}") = "BuildingBlocks", "BuildingBlocks\BuildingBlocks.csproj", "{C73A1A92-8125-445D-B5EB-7B73137F9158}"
EndProject
Project("{FAE04EC0-301F-11D3-BF4B-00C04F79EFBC}") = "YarpApiGateway", "YarpApiGateway\YarpApiGateway.csproj", "{EB319DD1-2A64-44C9-800C-D6C1F4523C13}"
EndProject
Project("{2150E333-8FDC-42A3-9474-1A3956D46DE8}") = "UserService", "UserService", "{8352EB00-B4D4-4F7E-B900-2CC94A5F63D8}"
EndProject
Project("{FAE04EC0-301F-11D3-BF4B-00C04F79EFBC}") = "Domain", "UserService\src\Domain\Domain.csproj", "{51520CEF-545F-4EB5-9FF7-FF11F14EA4AE}"
EndProject
Project("{FAE04EC0-301F-11D3-BF4B-00C04F79EFBC}") = "Web", "UserService\src\Web\Web.csproj", "{D58D4FF9-5962-465D-8239-D6F47F148C21}"
EndProject
Project("{FAE04EC0-301F-11D3-BF4B-00C04F79EFBC}") = "Application", "UserService\src\Application\Application.csproj", "{738DDAA5-C888-482A-AEF7-DC6A0CD6323F}"
EndProject
Project("{FAE04EC0-301F-11D3-BF4B-00C04F79EFBC}") = "Infrastructure", "UserService\src\Infrastructure\Infrastructure.csproj", "{0F0916F3-6676-450F-9B26-0698C6A890BD}"
EndProject
Global
	GlobalSection(SolutionConfigurationPlatforms) = preSolution
		Debug|Any CPU = Debug|Any CPU
		Release|Any CPU = Release|Any CPU
	EndGlobalSection
	GlobalSection(NestedProjects) = preSolution
		{BC7A2868-A579-4DE0-919B-547580B66C51} = {CC322D0A-0C41-4700-A5D4-B4657CBC1236}
		{88DFBA8F-1B12-4FBF-A25C-EC6DA5149969} = {CC322D0A-0C41-4700-A5D4-B4657CBC1236}
		{95A98DE8-F8DA-4F70-9CF9-BC4A87193196} = {CC322D0A-0C41-4700-A5D4-B4657CBC1236}
		{FE5148D6-F356-44CE-AB3B-7758AE800027} = {CC322D0A-0C41-4700-A5D4-B4657CBC1236}
		{C73A1A92-8125-445D-B5EB-7B73137F9158} = {403DD58E-9B74-495C-9D70-417AF0832AF7}
		{EB319DD1-2A64-44C9-800C-D6C1F4523C13} = {C303BA19-B7F9-4A65-ADA4-F51399E1DF96}
		{51520CEF-545F-4EB5-9FF7-FF11F14EA4AE} = {8352EB00-B4D4-4F7E-B900-2CC94A5F63D8}
		{738DDAA5-C888-482A-AEF7-DC6A0CD6323F} = {8352EB00-B4D4-4F7E-B900-2CC94A5F63D8}
		{0F0916F3-6676-450F-9B26-0698C6A890BD} = {8352EB00-B4D4-4F7E-B900-2CC94A5F63D8}
		{D58D4FF9-5962-465D-8239-D6F47F148C21} = {8352EB00-B4D4-4F7E-B900-2CC94A5F63D8}
	EndGlobalSection
	GlobalSection(ProjectConfigurationPlatforms) = postSolution
		{88DFBA8F-1B12-4FBF-A25C-EC6DA5149969}.Debug|Any CPU.ActiveCfg = Debug|Any CPU
		{88DFBA8F-1B12-4FBF-A25C-EC6DA5149969}.Debug|Any CPU.Build.0 = Debug|Any CPU
		{88DFBA8F-1B12-4FBF-A25C-EC6DA5149969}.Release|Any CPU.ActiveCfg = Release|Any CPU
		{88DFBA8F-1B12-4FBF-A25C-EC6DA5149969}.Release|Any CPU.Build.0 = Release|Any CPU
		{FE5148D6-F356-44CE-AB3B-7758AE800027}.Debug|Any CPU.ActiveCfg = Debug|Any CPU
		{FE5148D6-F356-44CE-AB3B-7758AE800027}.Debug|Any CPU.Build.0 = Debug|Any CPU
		{FE5148D6-F356-44CE-AB3B-7758AE800027}.Release|Any CPU.ActiveCfg = Release|Any CPU
		{FE5148D6-F356-44CE-AB3B-7758AE800027}.Release|Any CPU.Build.0 = Release|Any CPU
		{BC7A2868-A579-4DE0-919B-547580B66C51}.Debug|Any CPU.ActiveCfg = Debug|Any CPU
		{BC7A2868-A579-4DE0-919B-547580B66C51}.Debug|Any CPU.Build.0 = Debug|Any CPU
		{BC7A2868-A579-4DE0-919B-547580B66C51}.Release|Any CPU.ActiveCfg = Release|Any CPU
		{BC7A2868-A579-4DE0-919B-547580B66C51}.Release|Any CPU.Build.0 = Release|Any CPU
		{95A98DE8-F8DA-4F70-9CF9-BC4A87193196}.Debug|Any CPU.ActiveCfg = Debug|Any CPU
		{95A98DE8-F8DA-4F70-9CF9-BC4A87193196}.Debug|Any CPU.Build.0 = Debug|Any CPU
		{95A98DE8-F8DA-4F70-9CF9-BC4A87193196}.Release|Any CPU.ActiveCfg = Release|Any CPU
		{95A98DE8-F8DA-4F70-9CF9-BC4A87193196}.Release|Any CPU.Build.0 = Release|Any CPU
		{C73A1A92-8125-445D-B5EB-7B73137F9158}.Debug|Any CPU.ActiveCfg = Debug|Any CPU
		{C73A1A92-8125-445D-B5EB-7B73137F9158}.Debug|Any CPU.Build.0 = Debug|Any CPU
		{C73A1A92-8125-445D-B5EB-7B73137F9158}.Release|Any CPU.ActiveCfg = Release|Any CPU
		{C73A1A92-8125-445D-B5EB-7B73137F9158}.Release|Any CPU.Build.0 = Release|Any CPU
		{EB319DD1-2A64-44C9-800C-D6C1F4523C13}.Debug|Any CPU.ActiveCfg = Debug|Any CPU
		{EB319DD1-2A64-44C9-800C-D6C1F4523C13}.Debug|Any CPU.Build.0 = Debug|Any CPU
		{EB319DD1-2A64-44C9-800C-D6C1F4523C13}.Release|Any CPU.ActiveCfg = Release|Any CPU
		{EB319DD1-2A64-44C9-800C-D6C1F4523C13}.Release|Any CPU.Build.0 = Release|Any CPU
		{51520CEF-545F-4EB5-9FF7-FF11F14EA4AE}.Debug|Any CPU.ActiveCfg = Debug|Any CPU
		{51520CEF-545F-4EB5-9FF7-FF11F14EA4AE}.Debug|Any CPU.Build.0 = Debug|Any CPU
		{51520CEF-545F-4EB5-9FF7-FF11F14EA4AE}.Release|Any CPU.ActiveCfg = Release|Any CPU
		{51520CEF-545F-4EB5-9FF7-FF11F14EA4AE}.Release|Any CPU.Build.0 = Release|Any CPU
		{D58D4FF9-5962-465D-8239-D6F47F148C21}.Debug|Any CPU.ActiveCfg = Debug|Any CPU
		{D58D4FF9-5962-465D-8239-D6F47F148C21}.Debug|Any CPU.Build.0 = Debug|Any CPU
		{D58D4FF9-5962-465D-8239-D6F47F148C21}.Release|Any CPU.ActiveCfg = Release|Any CPU
		{D58D4FF9-5962-465D-8239-D6F47F148C21}.Release|Any CPU.Build.0 = Release|Any CPU
		{738DDAA5-C888-482A-AEF7-DC6A0CD6323F}.Debug|Any CPU.ActiveCfg = Debug|Any CPU
		{738DDAA5-C888-482A-AEF7-DC6A0CD6323F}.Debug|Any CPU.Build.0 = Debug|Any CPU
		{738DDAA5-C888-482A-AEF7-DC6A0CD6323F}.Release|Any CPU.ActiveCfg = Release|Any CPU
		{738DDAA5-C888-482A-AEF7-DC6A0CD6323F}.Release|Any CPU.Build.0 = Release|Any CPU
		{0F0916F3-6676-450F-9B26-0698C6A890BD}.Debug|Any CPU.ActiveCfg = Debug|Any CPU
		{0F0916F3-6676-450F-9B26-0698C6A890BD}.Debug|Any CPU.Build.0 = Debug|Any CPU
		{0F0916F3-6676-450F-9B26-0698C6A890BD}.Release|Any CPU.ActiveCfg = Release|Any CPU
		{0F0916F3-6676-450F-9B26-0698C6A890BD}.Release|Any CPU.Build.0 = Release|Any CPU
	EndGlobalSection
EndGlobal
